
Microsoft Visual Studio Solution File, Format Version 12.00
# Visual Studio Version 17
VisualStudioVersion = 17.12.35707.178
MinimumVisualStudioVersion = 10.0.40219.1
Project("{FAE04EC0-301F-11D3-BF4B-00C04F79EFBC}") = "FreeMarket", "FreeMarket\FreeMarket.csproj", "{D25AF027-5F9E-4624-93C4-CB56AFE62F1A}"
EndProject
Project("{2150E333-8FDC-42A3-9474-1A3956D46DE8}") = "Presentation", "Presentation", "{5C161CE1-E33D-4941-B203-4A3135A77A7F}"
EndProject
Project("{2150E333-8FDC-42A3-9474-1A3956D46DE8}") = "Domain", "Domain", "{828B5F5C-EF37-417D-AE96-EF88985AE5CB}"
EndProject
Project("{2150E333-8FDC-42A3-9474-1A3956D46DE8}") = "Application", "Application", "{02C8286E-C522-42DA-AC55-BD2B315528A2}"
EndProject
Project("{2150E333-8FDC-42A3-9474-1A3956D46DE8}") = "Infrastructure", "Infrastructure", "{F19AC1CE-4435-4614-8638-51C88C852100}"
EndProject
Project("{FAE04EC0-301F-11D3-BF4B-00C04F79EFBC}") = "FreeMarket.Domain", "FreeMarket.Domain\FreeMarket.Domain.csproj", "{F02DE6ED-882F-4176-882F-4A4C33B97296}"
EndProject
Project("{00D1A9C2-B5F0-4AF3-8072-F6C62B433612}") = "FreeMarket.DB", "FreeMarketDB\FreeMarket.DB.sqlproj", "{A360D1E6-9FBE-4F60-9C9C-56C99F4C3CCA}"
EndProject
Project("{FAE04EC0-301F-11D3-BF4B-00C04F79EFBC}") = "CartModule", "CartModule\CartModule.csproj", "{4BBF0D2F-AE3D-4889-9F79-C89A9F35B769}"
EndProject
Project("{2150E333-8FDC-42A3-9474-1A3956D46DE8}") = "Modules", "Modules", "{034B5B46-8C9F-4D9B-A51E-01853B67165B}"
EndProject
Project("{FAE04EC0-301F-11D3-BF4B-00C04F79EFBC}") = "SqlServerRepository", "SqlServerRepository\SqlServerRepository.csproj", "{37BE52CE-60E9-42D9-9A69-E00DA4F28D70}"
EndProject
Project("{FAE04EC0-301F-11D3-BF4B-00C04F79EFBC}") = "StoreApiRepository", "StoreApiRepository\StoreApiRepository.csproj", "{95B042E4-0B9F-42C4-98D3-B407421420B9}"
EndProject
Project("{FAE04EC0-301F-11D3-BF4B-00C04F79EFBC}") = "ProductModule", "ProductModule\ProductModule.csproj", "{F16B980D-E148-4799-AC24-CDEED8ACC05D}"
EndProject
Project("{2150E333-8FDC-42A3-9474-1A3956D46DE8}") = "Tests", "Tests", "{ABFBAE4B-59FD-4419-938C-14EDE44F98B5}"
EndProject
Project("{FAE04EC0-301F-11D3-BF4B-00C04F79EFBC}") = "ProductModuleTests", "ProductModuleTests\ProductModuleTests.csproj", "{864412FC-1A50-4AAD-91D8-1D64F97AF9E6}"
EndProject
Project("{FAE04EC0-301F-11D3-BF4B-00C04F79EFBC}") = "CartModuleTests", "CartModuleTests\CartModuleTests.csproj", "{CD7A765F-93B8-4C84-A3EA-C21002EDE0EB}"
EndProject
Project("{FAE04EC0-301F-11D3-BF4B-00C04F79EFBC}") = "FreeMarketTests", "FreeMarketTests\FreeMarketTests.csproj", "{76BECB95-964B-4E97-8F71-DB6A1DC75592}"
EndProject
Project("{FAE04EC0-301F-11D3-BF4B-00C04F79EFBC}") = "TestHelper", "TestHelper\TestHelper.csproj", "{B7D1B1BC-D9B4-4C9D-A4C7-FD597A379590}"
EndProject
Project("{FAE04EC0-301F-11D3-BF4B-00C04F79EFBC}") = "StoreApiRepositoryTests", "StoreApiRepositoryTests\StoreApiRepositoryTests.csproj", "{AD126620-C660-4ECA-B70A-C1809AAFBC7F}"
EndProject
Global
	GlobalSection(SolutionConfigurationPlatforms) = preSolution
		Debug|Any CPU = Debug|Any CPU
		Release|Any CPU = Release|Any CPU
	EndGlobalSection
	GlobalSection(ProjectConfigurationPlatforms) = postSolution
		{D25AF027-5F9E-4624-93C4-CB56AFE62F1A}.Debug|Any CPU.ActiveCfg = Debug|Any CPU
		{D25AF027-5F9E-4624-93C4-CB56AFE62F1A}.Debug|Any CPU.Build.0 = Debug|Any CPU
		{D25AF027-5F9E-4624-93C4-CB56AFE62F1A}.Release|Any CPU.ActiveCfg = Release|Any CPU
		{D25AF027-5F9E-4624-93C4-CB56AFE62F1A}.Release|Any CPU.Build.0 = Release|Any CPU
		{F02DE6ED-882F-4176-882F-4A4C33B97296}.Debug|Any CPU.ActiveCfg = Debug|Any CPU
		{F02DE6ED-882F-4176-882F-4A4C33B97296}.Debug|Any CPU.Build.0 = Debug|Any CPU
		{F02DE6ED-882F-4176-882F-4A4C33B97296}.Release|Any CPU.ActiveCfg = Release|Any CPU
		{F02DE6ED-882F-4176-882F-4A4C33B97296}.Release|Any CPU.Build.0 = Release|Any CPU
		{A360D1E6-9FBE-4F60-9C9C-56C99F4C3CCA}.Debug|Any CPU.ActiveCfg = Debug|Any CPU
		{A360D1E6-9FBE-4F60-9C9C-56C99F4C3CCA}.Debug|Any CPU.Build.0 = Debug|Any CPU
		{A360D1E6-9FBE-4F60-9C9C-56C99F4C3CCA}.Debug|Any CPU.Deploy.0 = Debug|Any CPU
		{A360D1E6-9FBE-4F60-9C9C-56C99F4C3CCA}.Release|Any CPU.ActiveCfg = Release|Any CPU
		{A360D1E6-9FBE-4F60-9C9C-56C99F4C3CCA}.Release|Any CPU.Build.0 = Release|Any CPU
		{A360D1E6-9FBE-4F60-9C9C-56C99F4C3CCA}.Release|Any CPU.Deploy.0 = Release|Any CPU
		{4BBF0D2F-AE3D-4889-9F79-C89A9F35B769}.Debug|Any CPU.ActiveCfg = Debug|Any CPU
		{4BBF0D2F-AE3D-4889-9F79-C89A9F35B769}.Debug|Any CPU.Build.0 = Debug|Any CPU
		{4BBF0D2F-AE3D-4889-9F79-C89A9F35B769}.Release|Any CPU.ActiveCfg = Release|Any CPU
		{4BBF0D2F-AE3D-4889-9F79-C89A9F35B769}.Release|Any CPU.Build.0 = Release|Any CPU
		{37BE52CE-60E9-42D9-9A69-E00DA4F28D70}.Debug|Any CPU.ActiveCfg = Debug|Any CPU
		{37BE52CE-60E9-42D9-9A69-E00DA4F28D70}.Debug|Any CPU.Build.0 = Debug|Any CPU
		{37BE52CE-60E9-42D9-9A69-E00DA4F28D70}.Release|Any CPU.ActiveCfg = Release|Any CPU
		{37BE52CE-60E9-42D9-9A69-E00DA4F28D70}.Release|Any CPU.Build.0 = Release|Any CPU
		{95B042E4-0B9F-42C4-98D3-B407421420B9}.Debug|Any CPU.ActiveCfg = Debug|Any CPU
		{95B042E4-0B9F-42C4-98D3-B407421420B9}.Debug|Any CPU.Build.0 = Debug|Any CPU
		{95B042E4-0B9F-42C4-98D3-B407421420B9}.Release|Any CPU.ActiveCfg = Release|Any CPU
		{95B042E4-0B9F-42C4-98D3-B407421420B9}.Release|Any CPU.Build.0 = Release|Any CPU
		{F16B980D-E148-4799-AC24-CDEED8ACC05D}.Debug|Any CPU.ActiveCfg = Debug|Any CPU
		{F16B980D-E148-4799-AC24-CDEED8ACC05D}.Debug|Any CPU.Build.0 = Debug|Any CPU
		{F16B980D-E148-4799-AC24-CDEED8ACC05D}.Release|Any CPU.ActiveCfg = Release|Any CPU
		{F16B980D-E148-4799-AC24-CDEED8ACC05D}.Release|Any CPU.Build.0 = Release|Any CPU
		{864412FC-1A50-4AAD-91D8-1D64F97AF9E6}.Debug|Any CPU.ActiveCfg = Debug|Any CPU
		{864412FC-1A50-4AAD-91D8-1D64F97AF9E6}.Debug|Any CPU.Build.0 = Debug|Any CPU
		{864412FC-1A50-4AAD-91D8-1D64F97AF9E6}.Release|Any CPU.ActiveCfg = Release|Any CPU
		{864412FC-1A50-4AAD-91D8-1D64F97AF9E6}.Release|Any CPU.Build.0 = Release|Any CPU
		{CD7A765F-93B8-4C84-A3EA-C21002EDE0EB}.Debug|Any CPU.ActiveCfg = Debug|Any CPU
		{CD7A765F-93B8-4C84-A3EA-C21002EDE0EB}.Debug|Any CPU.Build.0 = Debug|Any CPU
		{CD7A765F-93B8-4C84-A3EA-C21002EDE0EB}.Release|Any CPU.ActiveCfg = Release|Any CPU
		{CD7A765F-93B8-4C84-A3EA-C21002EDE0EB}.Release|Any CPU.Build.0 = Release|Any CPU
		{76BECB95-964B-4E97-8F71-DB6A1DC75592}.Debug|Any CPU.ActiveCfg = Debug|Any CPU
		{76BECB95-964B-4E97-8F71-DB6A1DC75592}.Debug|Any CPU.Build.0 = Debug|Any CPU
		{76BECB95-964B-4E97-8F71-DB6A1DC75592}.Release|Any CPU.ActiveCfg = Release|Any CPU
		{76BECB95-964B-4E97-8F71-DB6A1DC75592}.Release|Any CPU.Build.0 = Release|Any CPU
		{B7D1B1BC-D9B4-4C9D-A4C7-FD597A379590}.Debug|Any CPU.ActiveCfg = Debug|Any CPU
		{B7D1B1BC-D9B4-4C9D-A4C7-FD597A379590}.Debug|Any CPU.Build.0 = Debug|Any CPU
		{B7D1B1BC-D9B4-4C9D-A4C7-FD597A379590}.Release|Any CPU.ActiveCfg = Release|Any CPU
		{B7D1B1BC-D9B4-4C9D-A4C7-FD597A379590}.Release|Any CPU.Build.0 = Release|Any CPU
		{AD126620-C660-4ECA-B70A-C1809AAFBC7F}.Debug|Any CPU.ActiveCfg = Debug|Any CPU
		{AD126620-C660-4ECA-B70A-C1809AAFBC7F}.Debug|Any CPU.Build.0 = Debug|Any CPU
		{AD126620-C660-4ECA-B70A-C1809AAFBC7F}.Release|Any CPU.ActiveCfg = Release|Any CPU
		{AD126620-C660-4ECA-B70A-C1809AAFBC7F}.Release|Any CPU.Build.0 = Release|Any CPU
	EndGlobalSection
	GlobalSection(SolutionProperties) = preSolution
		HideSolutionNode = FALSE
	EndGlobalSection
	GlobalSection(NestedProjects) = preSolution
		{D25AF027-5F9E-4624-93C4-CB56AFE62F1A} = {5C161CE1-E33D-4941-B203-4A3135A77A7F}
		{F02DE6ED-882F-4176-882F-4A4C33B97296} = {828B5F5C-EF37-417D-AE96-EF88985AE5CB}
		{A360D1E6-9FBE-4F60-9C9C-56C99F4C3CCA} = {F19AC1CE-4435-4614-8638-51C88C852100}
		{4BBF0D2F-AE3D-4889-9F79-C89A9F35B769} = {034B5B46-8C9F-4D9B-A51E-01853B67165B}
		{37BE52CE-60E9-42D9-9A69-E00DA4F28D70} = {F19AC1CE-4435-4614-8638-51C88C852100}
		{95B042E4-0B9F-42C4-98D3-B407421420B9} = {F19AC1CE-4435-4614-8638-51C88C852100}
		{F16B980D-E148-4799-AC24-CDEED8ACC05D} = {034B5B46-8C9F-4D9B-A51E-01853B67165B}
		{864412FC-1A50-4AAD-91D8-1D64F97AF9E6} = {ABFBAE4B-59FD-4419-938C-14EDE44F98B5}
		{CD7A765F-93B8-4C84-A3EA-C21002EDE0EB} = {ABFBAE4B-59FD-4419-938C-14EDE44F98B5}
		{76BECB95-964B-4E97-8F71-DB6A1DC75592} = {ABFBAE4B-59FD-4419-938C-14EDE44F98B5}
		{B7D1B1BC-D9B4-4C9D-A4C7-FD597A379590} = {ABFBAE4B-59FD-4419-938C-14EDE44F98B5}
		{AD126620-C660-4ECA-B70A-C1809AAFBC7F} = {ABFBAE4B-59FD-4419-938C-14EDE44F98B5}
	EndGlobalSection
EndGlobal
